
Microsoft Visual Studio Solution File, Format Version 12.00
# Visual Studio Version 16
VisualStudioVersion = 16.0.31005.135
MinimumVisualStudioVersion = 10.0.40219.1
Project("{FAE04EC0-301F-11D3-BF4B-00C04F79EFBC}") = "4.4 Color Mixer", "4.4 Color Mixer.csproj", "{C002605E-29DD-4FF0-9F5B-259E52C6258A}"
EndProject
Global
	GlobalSection(SolutionConfigurationPlatforms) = preSolution
		Debug|Any CPU = Debug|Any CPU
		Release|Any CPU = Release|Any CPU
	EndGlobalSection
	GlobalSection(ProjectConfigurationPlatforms) = postSolution
		{C002605E-29DD-4FF0-9F5B-259E52C6258A}.Debug|Any CPU.ActiveCfg = Debug|Any CPU
		{C002605E-29DD-4FF0-9F5B-259E52C6258A}.Debug|Any CPU.Build.0 = Debug|Any CPU
		{C002605E-29DD-4FF0-9F5B-259E52C6258A}.Release|Any CPU.ActiveCfg = Release|Any CPU
		{C002605E-29DD-4FF0-9F5B-259E52C6258A}.Release|Any CPU.Build.0 = Release|Any CPU
	EndGlobalSection
	GlobalSection(SolutionProperties) = preSolution
		HideSolutionNode = FALSE
	EndGlobalSection
	GlobalSection(ExtensibilityGlobals) = postSolution
		SolutionGuid = {912AAF8C-3F89-420A-A827-391FA39EBADA}
	EndGlobalSection
EndGlobal
